
Microsoft Visual Studio Solution File, Format Version 12.00
# Visual Studio Version 17
VisualStudioVersion = 17.14.36511.14
MinimumVisualStudioVersion = 10.0.40219.1
Project("{2150E333-8FDC-42A3-9474-1A3956D46DE8}") = "Api", "Api", "{2A0A9F43-B4E2-44A4-82D0-D2D34F9E3143}"
EndProject
Project("{2150E333-8FDC-42A3-9474-1A3956D46DE8}") = "Web", "Web", "{16879456-E0AA-48CD-BEAE-62B2000FF661}"
EndProject
Project("{2150E333-8FDC-42A3-9474-1A3956D46DE8}") = "Application", "Application", "{46F72147-A9B5-49AA-8E4B-091BBFECE7BF}"
EndProject
Project("{2150E333-8FDC-42A3-9474-1A3956D46DE8}") = "IOC", "IOC", "{4CF2A0E9-4B89-402D-8246-61F2C7415CC6}"
EndProject
Project("{2150E333-8FDC-42A3-9474-1A3956D46DE8}") = "Infraestructure", "Infraestructure", "{8CA5DCD5-FDA0-4C8B-A5A1-CB06C2E41E01}"
EndProject
Project("{2150E333-8FDC-42A3-9474-1A3956D46DE8}") = "Test", "Test", "{6E19B751-93FA-4343-9FA2-B2FBDDBA4363}"
EndProject
Project("{FAE04EC0-301F-11D3-BF4B-00C04F79EFBC}") = "SGIbiblioteca.Domain", "SGIbiblioteca.Domain\SGIbiblioteca.Domain.csproj", "{93FABB32-9CED-49C4-BA20-AAE9523C8ABC}"
EndProject
Project("{2150E333-8FDC-42A3-9474-1A3956D46DE8}") = "Core", "Core", "{D107F4C8-89CC-BEA8-D3D7-CA6B7733353D}"
EndProject
Project("{FAE04EC0-301F-11D3-BF4B-00C04F79EFBC}") = "SGI.Infraestructure", "SGI.Infraestructure\SGI.Infraestructure.csproj", "{44F2AA6B-5A49-4D21-A326-0CEAAA7C791D}"
EndProject
Project("{FAE04EC0-301F-11D3-BF4B-00C04F79EFBC}") = "SGI.Persistence", "SGI.Persistence\SGI.Persistence.csproj", "{45EF7621-4AB6-4389-B4BE-8A0034ABDF1B}"
EndProject
Project("{FAE04EC0-301F-11D3-BF4B-00C04F79EFBC}") = "SGI.IO", "SGI.IO\SGI.IO.csproj", "{9AC66EE0-858D-4473-938D-D1F39A95781A}"
EndProject
Project("{FAE04EC0-301F-11D3-BF4B-00C04F79EFBC}") = "SGI.Application", "SGI.Application\SGI.Application.csproj", "{1E9619F7-30BC-439A-9D55-0424FE10E9AB}"
EndProject
Project("{FAE04EC0-301F-11D3-BF4B-00C04F79EFBC}") = "SGI.WEB", "SGI.WEB\SGI.WEB.csproj", "{8C69F244-0202-4651-8355-BC587FF193B6}"
EndProject
Project("{FAE04EC0-301F-11D3-BF4B-00C04F79EFBC}") = "SGI.Applicatioon.Test", "SGI.Applicatioon.Test\SGI.Applicatioon.Test.csproj", "{90E19E49-4B30-44C4-9526-C5E786C6E0E7}"
EndProject
Project("{FAE04EC0-301F-11D3-BF4B-00C04F79EFBC}") = "SGI.Persistencee.Test", "SGI.Persistencee.Test\SGI.Persistencee.Test.csproj", "{C877F74C-E2C5-4F6A-89F0-99D17286A363}"
EndProject
Project("{FAE04EC0-301F-11D3-BF4B-00C04F79EFBC}") = "SGI.APII", "SGI.APII\SGI.APII.csproj", "{DB5B15B8-BBDA-4718-A243-EB95FD326B09}"
EndProject
Project("{FAE04EC0-301F-11D3-BF4B-00C04F79EFBC}") = "SGI.Model", "SGI.Model\SGI.Model.csproj", "{64577204-C946-400D-B2A7-8230FD24DD69}"
EndProject
Global
	GlobalSection(SolutionConfigurationPlatforms) = preSolution
		Debug|Any CPU = Debug|Any CPU
		Release|Any CPU = Release|Any CPU
	EndGlobalSection
	GlobalSection(ProjectConfigurationPlatforms) = postSolution
		{93FABB32-9CED-49C4-BA20-AAE9523C8ABC}.Debug|Any CPU.ActiveCfg = Debug|Any CPU
		{93FABB32-9CED-49C4-BA20-AAE9523C8ABC}.Debug|Any CPU.Build.0 = Debug|Any CPU
		{93FABB32-9CED-49C4-BA20-AAE9523C8ABC}.Release|Any CPU.ActiveCfg = Release|Any CPU
		{93FABB32-9CED-49C4-BA20-AAE9523C8ABC}.Release|Any CPU.Build.0 = Release|Any CPU
		{44F2AA6B-5A49-4D21-A326-0CEAAA7C791D}.Debug|Any CPU.ActiveCfg = Debug|Any CPU
		{44F2AA6B-5A49-4D21-A326-0CEAAA7C791D}.Debug|Any CPU.Build.0 = Debug|Any CPU
		{44F2AA6B-5A49-4D21-A326-0CEAAA7C791D}.Release|Any CPU.ActiveCfg = Release|Any CPU
		{44F2AA6B-5A49-4D21-A326-0CEAAA7C791D}.Release|Any CPU.Build.0 = Release|Any CPU
		{45EF7621-4AB6-4389-B4BE-8A0034ABDF1B}.Debug|Any CPU.ActiveCfg = Debug|Any CPU
		{45EF7621-4AB6-4389-B4BE-8A0034ABDF1B}.Debug|Any CPU.Build.0 = Debug|Any CPU
		{45EF7621-4AB6-4389-B4BE-8A0034ABDF1B}.Release|Any CPU.ActiveCfg = Release|Any CPU
		{45EF7621-4AB6-4389-B4BE-8A0034ABDF1B}.Release|Any CPU.Build.0 = Release|Any CPU
		{9AC66EE0-858D-4473-938D-D1F39A95781A}.Debug|Any CPU.ActiveCfg = Debug|Any CPU
		{9AC66EE0-858D-4473-938D-D1F39A95781A}.Debug|Any CPU.Build.0 = Debug|Any CPU
		{9AC66EE0-858D-4473-938D-D1F39A95781A}.Release|Any CPU.ActiveCfg = Release|Any CPU
		{9AC66EE0-858D-4473-938D-D1F39A95781A}.Release|Any CPU.Build.0 = Release|Any CPU
		{1E9619F7-30BC-439A-9D55-0424FE10E9AB}.Debug|Any CPU.ActiveCfg = Debug|Any CPU
		{1E9619F7-30BC-439A-9D55-0424FE10E9AB}.Debug|Any CPU.Build.0 = Debug|Any CPU
		{1E9619F7-30BC-439A-9D55-0424FE10E9AB}.Release|Any CPU.ActiveCfg = Release|Any CPU
		{1E9619F7-30BC-439A-9D55-0424FE10E9AB}.Release|Any CPU.Build.0 = Release|Any CPU
		{8C69F244-0202-4651-8355-BC587FF193B6}.Debug|Any CPU.ActiveCfg = Debug|Any CPU
		{8C69F244-0202-4651-8355-BC587FF193B6}.Debug|Any CPU.Build.0 = Debug|Any CPU
		{8C69F244-0202-4651-8355-BC587FF193B6}.Release|Any CPU.ActiveCfg = Release|Any CPU
		{8C69F244-0202-4651-8355-BC587FF193B6}.Release|Any CPU.Build.0 = Release|Any CPU
		{90E19E49-4B30-44C4-9526-C5E786C6E0E7}.Debug|Any CPU.ActiveCfg = Debug|Any CPU
		{90E19E49-4B30-44C4-9526-C5E786C6E0E7}.Debug|Any CPU.Build.0 = Debug|Any CPU
		{90E19E49-4B30-44C4-9526-C5E786C6E0E7}.Release|Any CPU.ActiveCfg = Release|Any CPU
		{90E19E49-4B30-44C4-9526-C5E786C6E0E7}.Release|Any CPU.Build.0 = Release|Any CPU
		{C877F74C-E2C5-4F6A-89F0-99D17286A363}.Debug|Any CPU.ActiveCfg = Debug|Any CPU
		{C877F74C-E2C5-4F6A-89F0-99D17286A363}.Debug|Any CPU.Build.0 = Debug|Any CPU
		{C877F74C-E2C5-4F6A-89F0-99D17286A363}.Release|Any CPU.ActiveCfg = Release|Any CPU
		{C877F74C-E2C5-4F6A-89F0-99D17286A363}.Release|Any CPU.Build.0 = Release|Any CPU
		{DB5B15B8-BBDA-4718-A243-EB95FD326B09}.Debug|Any CPU.ActiveCfg = Debug|Any CPU
		{DB5B15B8-BBDA-4718-A243-EB95FD326B09}.Debug|Any CPU.Build.0 = Debug|Any CPU
		{DB5B15B8-BBDA-4718-A243-EB95FD326B09}.Release|Any CPU.ActiveCfg = Release|Any CPU
		{DB5B15B8-BBDA-4718-A243-EB95FD326B09}.Release|Any CPU.Build.0 = Release|Any CPU
		{64577204-C946-400D-B2A7-8230FD24DD69}.Debug|Any CPU.ActiveCfg = Debug|Any CPU
		{64577204-C946-400D-B2A7-8230FD24DD69}.Debug|Any CPU.Build.0 = Debug|Any CPU
		{64577204-C946-400D-B2A7-8230FD24DD69}.Release|Any CPU.ActiveCfg = Release|Any CPU
		{64577204-C946-400D-B2A7-8230FD24DD69}.Release|Any CPU.Build.0 = Release|Any CPU
	EndGlobalSection
	GlobalSection(SolutionProperties) = preSolution
		HideSolutionNode = FALSE
	EndGlobalSection
	GlobalSection(NestedProjects) = preSolution
		{93FABB32-9CED-49C4-BA20-AAE9523C8ABC} = {D107F4C8-89CC-BEA8-D3D7-CA6B7733353D}
		{44F2AA6B-5A49-4D21-A326-0CEAAA7C791D} = {8CA5DCD5-FDA0-4C8B-A5A1-CB06C2E41E01}
		{45EF7621-4AB6-4389-B4BE-8A0034ABDF1B} = {8CA5DCD5-FDA0-4C8B-A5A1-CB06C2E41E01}
		{9AC66EE0-858D-4473-938D-D1F39A95781A} = {4CF2A0E9-4B89-402D-8246-61F2C7415CC6}
		{1E9619F7-30BC-439A-9D55-0424FE10E9AB} = {46F72147-A9B5-49AA-8E4B-091BBFECE7BF}
		{8C69F244-0202-4651-8355-BC587FF193B6} = {16879456-E0AA-48CD-BEAE-62B2000FF661}
		{90E19E49-4B30-44C4-9526-C5E786C6E0E7} = {6E19B751-93FA-4343-9FA2-B2FBDDBA4363}
		{C877F74C-E2C5-4F6A-89F0-99D17286A363} = {6E19B751-93FA-4343-9FA2-B2FBDDBA4363}
		{DB5B15B8-BBDA-4718-A243-EB95FD326B09} = {2A0A9F43-B4E2-44A4-82D0-D2D34F9E3143}
		{64577204-C946-400D-B2A7-8230FD24DD69} = {D107F4C8-89CC-BEA8-D3D7-CA6B7733353D}
	EndGlobalSection
	GlobalSection(ExtensibilityGlobals) = postSolution
		SolutionGuid = {A7473E8F-78BC-4D60-B15B-7E77B2F5FFCC}
	EndGlobalSection
EndGlobal
